# THIS IS AN AUTOGENERATED FILE. DO NOT EDIT THIS FILE DIRECTLY.
# yarn lockfile v1


mongo3-s3-streaming-backup@^0.0.1:
  version "0.0.1"
  resolved "https://registry.yarnpkg.com/mongo3-s3-streaming-backup/-/mongo3-s3-streaming-backup-0.0.1.tgz#f23c7216e4a3d506a3df3db5542bd8af023c50b0"
  dependencies:
    parse-mongo-url "^1.1.1"

parse-mongo-url@^1.1.1:
  version "1.1.1"
  resolved "https://registry.yarnpkg.com/parse-mongo-url/-/parse-mongo-url-1.1.1.tgz#66238df5f8e7c0c8ca4cd970d4ab6a1373eb75b5"
